
Microsoft Visual Studio Solution File, Format Version 12.00
# Visual Studio Version 17
VisualStudioVersion = 17.3.32929.385
MinimumVisualStudioVersion = 10.0.40219.1
Project("{FAE04EC0-301F-11D3-BF4B-00C04F79EFBC}") = "OnlinePub", "OnlinePub\OnlinePub.csproj", "{98E7AB73-E809-4A15-9380-257A2046BABA}"
EndProject
Global
	GlobalSection(SolutionConfigurationPlatforms) = preSolution
		Debug|Any CPU = Debug|Any CPU
		Release|Any CPU = Release|Any CPU
	EndGlobalSection
	GlobalSection(ProjectConfigurationPlatforms) = postSolution
		{98E7AB73-E809-4A15-9380-257A2046BABA}.Debug|Any CPU.ActiveCfg = Debug|Any CPU
		{98E7AB73-E809-4A15-9380-257A2046BABA}.Debug|Any CPU.Build.0 = Debug|Any CPU
		{98E7AB73-E809-4A15-9380-257A2046BABA}.Release|Any CPU.ActiveCfg = Release|Any CPU
		{98E7AB73-E809-4A15-9380-257A2046BABA}.Release|Any CPU.Build.0 = Release|Any CPU
	EndGlobalSection
	GlobalSection(SolutionProperties) = preSolution
		HideSolutionNode = FALSE
	EndGlobalSection
	GlobalSection(ExtensibilityGlobals) = postSolution
		SolutionGuid = {6B14F03E-F637-44B0-9DC1-7208690A8734}
	EndGlobalSection
EndGlobal
